lockfileVersion: '9.0'

settings:
  autoInstallPeers: true
  excludeLinksFromLockfile: false

importers:

  .:
    devDependencies:
      '@rickylabs/harness-contracts':
        specifier: workspace:*
        version: link:packages/contracts
      '@rickylabs/method':
        specifier: workspace:*
        version: link:packages/method
      '@types/node':
        specifier: ^26.4.1
        version: 26.4.1
      js-yaml:
        specifier: ^4.3.2
        version: 4.3.2
      typescript:
        specifier: ~5.9.3
        version: 5.9.3

  packages/board:
    dependencies:
      '@rickylabs/subagents':
        specifier: workspace:*
        version: link:../subagents

  packages/contracts: {}

  packages/coordinator:
    dependencies:
      '@rickylabs/harness-contracts':
        specifier: workspace:*
        version: link:../contracts

  packages/forge:
    dependencies:
      '@rickylabs/board':
        specifier: workspace:*
        version: link:../board
      '@rickylabs/subagents':
        specifier: workspace:*
        version: link:../subagents

  packages/governance:
    dependencies:
      '@rickylabs/harness-contracts':
        specifier: workspace:*
        version: link:../contracts

  packages/hosts/orchid:
    dependencies:
      '@rickylabs/harness-contracts':
        specifier: workspace:*
        version: link:../../contracts

  packages/llm-local:
    dependencies:
      '@rickylabs/routing':
        specifier: workspace:*
        version: link:../routing

  packages/method:
    dependencies:
      js-yaml:
        specifier: ^4.3.2
        version: 4.3.2
    devDependencies:
      '@types/js-yaml':
        specifier: ^4.0.9
        version: 4.0.9

  packages/providers/claude:
    dependencies:
      '@rickylabs/subagents':
        specifier: workspace:*
        version: link:../../subagents

  packages/providers/codex:
    dependencies:
      '@rickylabs/harness-contracts':
        specifier: workspace:*
        version: link:../../contracts
      '@rickylabs/subagents':
        specifier: workspace:*
        version: link:../../subagents

  packages/providers/opencode:
    dependencies:
      '@opencode-ai/sdk':
        specifier: 1.18.35
        version: 1.18.35
      '@rickylabs/harness-contracts':
        specifier: workspace:*
        version: link:../../contracts
      '@rickylabs/subagents':
        specifier: workspace:*
        version: link:../../subagents

  packages/routing:
    dependencies:
      '@rickylabs/subagents':
        specifier: workspace:*
        version: link:../subagents

  packages/subagents:
    dependencies:
      '@rickylabs/harness-contracts':
        specifier: workspace:*
        version: link:../contracts

  packages/telemetry:
    dependencies:
      '@rickylabs/governance':
        specifier: workspace:*
        version: link:../governance
      '@rickylabs/harness-contracts':
        specifier: workspace:*
        version: link:../contracts
      '@rickylabs/host-orchid':
        specifier: workspace:*
        version: link:../hosts/orchid
      '@rickylabs/provider-opencode':
        specifier: workspace:*
        version: link:../providers/opencode
      '@rickylabs/subagents':
        specifier: workspace:*
        version: link:../subagents
      acorn:
        specifier: 8.15.0
        version: 8.15.0

packages:

  '@opencode-ai/sdk@1.18.35':
    resolution: {integrity: sha512-cp3IFKwnqgeUbflrrwz/WmG/dALVyM2k0LA1aqCvWe58Tu4utNTNw+BwZzQEML1HxDaLrIB+Fc4Ztb8S16Ijcw==}

  '@types/js-yaml@4.0.9':
    resolution: {integrity: sha512-k4MGaQl5TGo/iipqb2UDG2UwjXziSWkh0uysQelTlJpX1qGlpUZYm8PnO4DxG1qBomtJUdYJ6qR6xdIah10JLg==}

  '@types/node@26.4.1':
    resolution: {integrity: sha512-k97ENvZWtvA6yqz5/FS6a7duDgOPEeOQOc2iKS/nY6mX6qJUKtLnWzQS+Xj6tXweyj6ZcTAK2Qecetnvi9nCLA==}

  acorn@8.15.0:
    resolution: {integrity: sha512-NZyJarBfL7nWwIq+FDL6Zp/yHEhePMNnnJ0y3qfieCrmNvYct8uvtiV41UvlSe6apAfk0fY1FbWx+NwfmpvtTg==}
    engines: {node: '>=0.4.0'}
    hasBin: true

  argparse@2.0.1:
    resolution: {integrity: sha512-8+9WqebbFzpX9OR+Wa6O29asIogeRMzcGtAINdpMHHyAg10f05aSFVBbcEqGf/PXw1EjAZ+q2/bEBg3DvurK3Q==}

  cross-spawn@7.0.6:
    resolution: {integrity: sha512-uV2QOWP2nWzsy2aMp8aRibhi9dlzF5Hgh5SHaB9OiTGEyDTiJJyx0uy51QXdyWbtAHNua4XJzUKca3OzKUd3vA==}
    engines: {node: '>= 8'}

  isexe@2.0.0:
    resolution: {integrity: sha512-RHxMLp9lnKHGHRng9QFhRCMbYAcVpn69smSGcq3f36xjgVVWThj4qqLbTLlq7Ssj8B+fIQ1EuCEGI2lKsyQeIw==}

  js-yaml@4.3.2:
    resolution: {integrity: sha512-SFNOvSJ+Dgf/9An904Yx+CgSlIPCkIpao4qo51lpee25TIRejdH3rhR4EZMGoNx3/TP3O+wzWuiTFl4sqbltzA==}
    hasBin: true

  path-key@3.1.1:
    resolution: {integrity: sha512-ojmeN0qd+y0jszEtoY48r0Peq5dwMEkIlCOu6Q5f41lfkswXuKtYrhgoTpLnyIcHm24Uhqx+5Tqm2InSwLhE6Q==}
    engines: {node: '>=8'}

  shebang-command@2.0.0:
    resolution: {integrity: sha512-kHxr2zZpYtdmrN1qDjrrX/Z1rR1kG8Dx+gkpK1G4eXmvXswmcE1hTWBWYUzlraYw1/yZp6YuDY77YtvbN0dmDA==}
    engines: {node: '>=8'}

  shebang-regex@3.0.0:
    resolution: {integrity: sha512-7++dFhtcx3353uBaq8DDR4NuxBetBzC7ZQOhmTQInHEd6bSrXdiEyzCvG07Z44UYdLShWUyXt5M/yhz8ekcb1A==}
    engines: {node: '>=8'}

  typescript@5.9.3:
    resolution: {integrity: sha512-jl1vZzPDinLr9eUt3J/t7V6FgNEw9QjvBPdysz9KfQDD41fQrC2Y4vKQdiaUpFT4bXlb1RHhLpp8wtm6M5TgSw==}
    engines: {node: '>=14.17'}
    hasBin: true

  undici-types@8.3.0:
    resolution: {integrity: sha512-j375ScV60dom+YkPFIfTLcOiPxkN/buHz5GobjLhixFuANaNs3C9l4GmrWqejgXWJ7BbJcFYpTEUkS1Ge8bpZQ==}

  which@2.0.2:
    resolution: {integrity: sha512-BLI3Tl1TW3Pvl70l3yq3Y64i+awpwXqsGBYWkkqMtnbXgrMD+yj7rhW0kuEDxzJaYXGjEW5ogapKNMEKNMjibA==}
    engines: {node: '>= 8'}
    hasBin: true

snapshots:

  '@opencode-ai/sdk@1.18.35':
    dependencies:
      cross-spawn: 7.0.6

  '@types/js-yaml@4.0.9': {}

  '@types/node@26.4.1':
    dependencies:
      undici-types: 8.3.0

  acorn@8.15.0: {}

  argparse@2.0.1: {}

  cross-spawn@7.0.6:
    dependencies:
      path-key: 3.1.1
      shebang-command: 2.0.0
      which: 2.0.2

  isexe@2.0.0: {}

  js-yaml@4.3.2:
    dependencies:
      argparse: 2.0.1

  path-key@3.1.1: {}

  shebang-command@2.0.0:
    dependencies:
      shebang-regex: 3.0.0

  shebang-regex@3.0.0: {}

  typescript@5.9.3: {}

  undici-types@8.3.0: {}

  which@2.0.2:
    dependencies:
      isexe: 2.0.0
