lockfileVersion: '9.0'

settings:
  autoInstallPeers: true
  excludeLinksFromLockfile: false

importers:

  .:
    devDependencies:
      '@rickylabs/harness-contracts':
        specifier: workspace:*
        version: link:packages/contracts
      '@types/node':
        specifier: ^26.4.1
        version: 26.4.1
      js-yaml:
        specifier: ^4.3.2
        version: 4.3.2
      typescript:
        specifier: ~5.9.3
        version: 5.9.3

  packages/board:
    dependencies:
      '@rickylabs/subagents':
        specifier: workspace:*
        version: link:../subagents

  packages/contracts: {}

  packages/coordinator:
    dependencies:
      '@rickylabs/harness-contracts':
        specifier: workspace:*
        version: link:../contracts

  packages/forge:
    dependencies:
      '@rickylabs/board':
        specifier: workspace:*
        version: link:../board
      '@rickylabs/subagents':
        specifier: workspace:*
        version: link:../subagents

  packages/governance: {}

  packages/llm-local:
    dependencies:
      '@rickylabs/routing':
        specifier: workspace:*
        version: link:../routing

  packages/provider-claude:
    dependencies:
      '@rickylabs/subagents':
        specifier: workspace:*
        version: link:../subagents

  packages/provider-codex:
    dependencies:
      '@rickylabs/subagents':
        specifier: workspace:*
        version: link:../subagents

  packages/provider-opencode:
    dependencies:
      '@rickylabs/subagents':
        specifier: workspace:*
        version: link:../subagents

  packages/routing:
    dependencies:
      '@rickylabs/subagents':
        specifier: workspace:*
        version: link:../subagents

  packages/subagents:
    dependencies:
      '@rickylabs/harness-contracts':
        specifier: workspace:*
        version: link:../contracts

  packages/telemetry:
    dependencies:
      '@rickylabs/harness-contracts':
        specifier: workspace:*
        version: link:../contracts
      '@rickylabs/subagents':
        specifier: workspace:*
        version: link:../subagents
      acorn:
        specifier: 8.15.0
        version: 8.15.0

packages:

  '@types/node@26.4.1':
    resolution: {integrity: sha512-k97ENvZWtvA6yqz5/FS6a7duDgOPEeOQOc2iKS/nY6mX6qJUKtLnWzQS+Xj6tXweyj6ZcTAK2Qecetnvi9nCLA==}

  acorn@8.15.0:
    resolution: {integrity: sha512-NZyJarBfL7nWwIq+FDL6Zp/yHEhePMNnnJ0y3qfieCrmNvYct8uvtiV41UvlSe6apAfk0fY1FbWx+NwfmpvtTg==}
    engines: {node: '>=0.4.0'}
    hasBin: true

  argparse@2.0.1:
    resolution: {integrity: sha512-8+9WqebbFzpX9OR+Wa6O29asIogeRMzcGtAINdpMHHyAg10f05aSFVBbcEqGf/PXw1EjAZ+q2/bEBg3DvurK3Q==}

  js-yaml@4.3.2:
    resolution: {integrity: sha512-SFNOvSJ+Dgf/9An904Yx+CgSlIPCkIpao4qo51lpee25TIRejdH3rhR4EZMGoNx3/TP3O+wzWuiTFl4sqbltzA==}
    hasBin: true

  typescript@5.9.3:
    resolution: {integrity: sha512-jl1vZzPDinLr9eUt3J/t7V6FgNEw9QjvBPdysz9KfQDD41fQrC2Y4vKQdiaUpFT4bXlb1RHhLpp8wtm6M5TgSw==}
    engines: {node: '>=14.17'}
    hasBin: true

  undici-types@8.3.0:
    resolution: {integrity: sha512-j375ScV60dom+YkPFIfTLcOiPxkN/buHz5GobjLhixFuANaNs3C9l4GmrWqejgXWJ7BbJcFYpTEUkS1Ge8bpZQ==}

snapshots:

  '@types/node@26.4.1':
    dependencies:
      undici-types: 8.3.0

  acorn@8.15.0: {}

  argparse@2.0.1: {}

  js-yaml@4.3.2:
    dependencies:
      argparse: 2.0.1

  typescript@5.9.3: {}

  undici-types@8.3.0: {}
